payload:
##JP
  #DMM
  - DOMAIN-SUFFIX,dmm.co.jp

##TW
  - DOMAIN,18comic.vip
  #巴哈姆特动画疯
  - DOMAIN,gamer2-cds.cdn.hinet.net
  - DOMAIN,gamer-cds.cdn.hinet.net
  - DOMAIN-SUFFIX,bahamut.com.tw
  - DOMAIN-SUFFIX,gamer.com.tw
  #Bilibili-HMT
  - DOMAIN-SUFFIX,biliapi.net
  - DOMAIN-SUFFIX,biliapi.com
  - DOMAIN-SUFFIX,api.bilibili.com
  - DOMAIN-SUFFIX,www.bilibili.com
  - IP-CIDR,203.107.1.33/32,no-resolve
  - IP-CIDR,203.107.1.34/32,no-resolve
  - IP-CIDR,203.107.1.65/32,no-resolve
  - IP-CIDR,203.107.1.66/32,no-resolve
  - IP-CIDR,150.116.92.250/32,no-resolve
  - IP-CIDR,45.43.32.234/32,no-resolve
  - IP-CIDR,164.52.76.18/32,no-resolve
  - IP-CIDR,128.1.62.200/32,no-resolve
  - IP-CIDR,128.1.62.201/32,no-resolve